Microsoft Visual Studio Solution File, Format Version 12.00
# Visual Studio Version 17
VisualStudioVersion = 17.5.2.0
MinimumVisualStudioVersion = 10.0.40219.1
Project("{2150E333-8FDC-42A3-9474-1A3956D46DE8}") = "tests", "tests", "{0AB3BF05-4346-4AA6-1389-037BE0695223}"
EndProject
Project("{2150E333-8FDC-42A3-9474-1A3956D46DE8}") = "benchmarks", "benchmarks", "{66320409-64EC-F7C5-3DEF-65E7510DAAD1}"
EndProject
Project("{2150E333-8FDC-42A3-9474-1A3956D46DE8}") = "src", "src", "{827E0CD3-B72D-47B6-A68D-7590B98EB39B}"
EndProject
Project("{FAE04EC0-301F-11D3-BF4B-00C04F79EFBC}") = "Mamba.Tests", "tests\Mamba.Tests.csproj", "{A8A2667F-D5B2-1070-AD76-86064E5FFDC4}"
EndProject
Project("{FAE04EC0-301F-11D3-BF4B-00C04F79EFBC}") = "Mamba.Benchmarks", "benchmarks\Mamba.Benchmarks.csproj", "{D7B9EEBD-2CE4-DB65-A86F-08936FD2E59B}"
EndProject
Project("{FAE04EC0-301F-11D3-BF4B-00C04F79EFBC}") = "mamba", "src\mamba.csproj", "{0FD4C606-E0C3-C91F-639F-6605E9D1F626}"
EndProject
Project("{2150E333-8FDC-42A3-9474-1A3956D46DE8}") = "aot-startup", "aot-startup", "{19DD62F3-A939-D1ED-3F49-FA53940F0BBB}"
EndProject
Project("{FAE04EC0-301F-11D3-BF4B-00C04F79EFBC}") = "AotStartup", "benchmarks\aot-startup\AotStartup.csproj", "{AB94A6B2-CBBA-55D5-07EB-98346F140070}"
EndProject
Global
	GlobalSection(SolutionConfigurationPlatforms) = preSolution
		Debug|Any CPU = Debug|Any CPU
		Release|Any CPU = Release|Any CPU
	EndGlobalSection
	GlobalSection(ProjectConfigurationPlatforms) = postSolution
		{A8A2667F-D5B2-1070-AD76-86064E5FFDC4}.Debug|Any CPU.ActiveCfg = Debug|Any CPU
		{A8A2667F-D5B2-1070-AD76-86064E5FFDC4}.Debug|Any CPU.Build.0 = Debug|Any CPU
		{A8A2667F-D5B2-1070-AD76-86064E5FFDC4}.Release|Any CPU.ActiveCfg = Release|Any CPU
		{A8A2667F-D5B2-1070-AD76-86064E5FFDC4}.Release|Any CPU.Build.0 = Release|Any CPU
		{D7B9EEBD-2CE4-DB65-A86F-08936FD2E59B}.Debug|Any CPU.ActiveCfg = Debug|Any CPU
		{D7B9EEBD-2CE4-DB65-A86F-08936FD2E59B}.Debug|Any CPU.Build.0 = Debug|Any CPU
		{D7B9EEBD-2CE4-DB65-A86F-08936FD2E59B}.Release|Any CPU.ActiveCfg = Release|Any CPU
		{D7B9EEBD-2CE4-DB65-A86F-08936FD2E59B}.Release|Any CPU.Build.0 = Release|Any CPU
		{0FD4C606-E0C3-C91F-639F-6605E9D1F626}.Debug|Any CPU.ActiveCfg = Debug|Any CPU
		{0FD4C606-E0C3-C91F-639F-6605E9D1F626}.Debug|Any CPU.Build.0 = Debug|Any CPU
		{0FD4C606-E0C3-C91F-639F-6605E9D1F626}.Release|Any CPU.ActiveCfg = Release|Any CPU
		{0FD4C606-E0C3-C91F-639F-6605E9D1F626}.Release|Any CPU.Build.0 = Release|Any CPU
		{AB94A6B2-CBBA-55D5-07EB-98346F140070}.Debug|Any CPU.ActiveCfg = Debug|Any CPU
		{AB94A6B2-CBBA-55D5-07EB-98346F140070}.Debug|Any CPU.Build.0 = Debug|Any CPU
		{AB94A6B2-CBBA-55D5-07EB-98346F140070}.Release|Any CPU.ActiveCfg = Release|Any CPU
		{AB94A6B2-CBBA-55D5-07EB-98346F140070}.Release|Any CPU.Build.0 = Release|Any CPU
	EndGlobalSection
	GlobalSection(SolutionProperties) = preSolution
		HideSolutionNode = FALSE
	EndGlobalSection
	GlobalSection(NestedProjects) = preSolution
		{A8A2667F-D5B2-1070-AD76-86064E5FFDC4} = {0AB3BF05-4346-4AA6-1389-037BE0695223}
		{D7B9EEBD-2CE4-DB65-A86F-08936FD2E59B} = {66320409-64EC-F7C5-3DEF-65E7510DAAD1}
		{0FD4C606-E0C3-C91F-639F-6605E9D1F626} = {827E0CD3-B72D-47B6-A68D-7590B98EB39B}
		{19DD62F3-A939-D1ED-3F49-FA53940F0BBB} = {66320409-64EC-F7C5-3DEF-65E7510DAAD1}
		{AB94A6B2-CBBA-55D5-07EB-98346F140070} = {19DD62F3-A939-D1ED-3F49-FA53940F0BBB}
	EndGlobalSection
	GlobalSection(ExtensibilityGlobals) = postSolution
		SolutionGuid = {97DD3EB6-3003-4879-8000-4C4B34B57263}
	EndGlobalSection
EndGlobal
